Microsoft Visual Studio Solution File, Format Version 12.00
# Visual Studio Version 17
VisualStudioVersion = 17.0.31903.59
MinimumVisualStudioVersion = 10.0.40219.1
Project("{9A19103F-16F7-4668-BE54-9A1E7A4F7556}") = "Procofa.Domain", "src\Core\Procofa.Domain\Procofa.Domain.csproj", "{46C28C32-1C50-4B33-B2D3-EF01EEC41B51}"
EndProject
Project("{9A19103F-16F7-4668-BE54-9A1E7A4F7556}") = "Procofa.Application", "src\Core\Procofa.Application\Procofa.Application.csproj", "{3B0E322A-2B15-4DF2-B6D8-91EC942FC4A2}"
EndProject
Project("{9A19103F-16F7-4668-BE54-9A1E7A4F7556}") = "Procofa.Adapters.Api.Rest", "src\Adapters\Driving\Procofa.Adapters.Api.Rest\Procofa.Adapters.Api.Rest.csproj", "{52B5387E-4E5C-4BDE-87CE-9685933AC081}"
EndProject
Project("{9A19103F-16F7-4668-BE54-9A1E7A4F7556}") = "Procofa.Adapters.Persistence.PostgreSQL", "src\Adapters\Driven\Procofa.Adapters.Persistence.PostgreSQL\Procofa.Adapters.Persistence.PostgreSQL.csproj", "{1110DAC2-E9EE-4316-BBE4-FBA3ACB19E07}"
EndProject
Project("{9A19103F-16F7-4668-BE54-9A1E7A4F7556}") = "Procofa.Adapters.ReportGeneration", "src\Adapters\Driven\Procofa.Adapters.ReportGeneration\Procofa.Adapters.ReportGeneration.csproj", "{DA025929-3EF0-46A7-B086-23BF9EAD844D}"
EndProject
Project("{9A19103F-16F7-4668-BE54-9A1E7A4F7556}") = "Procofa.Adapters.FileStorage", "src\Adapters\Driven\Procofa.Adapters.FileStorage\Procofa.Adapters.FileStorage.csproj", "{696F049F-B565-4CB5-834E-7924D8ABF268}"
EndProject
Project("{9A19103F-16F7-4668-BE54-9A1E7A4F7556}") = "Procofa.Api", "src\Bootstrap\Procofa.Api\Procofa.Api.csproj", "{AEE71816-1816-404F-82AE-41E589CF00AE}"
EndProject
Project("{9A19103F-16F7-4668-BE54-9A1E7A4F7556}") = "Procofa.Domain.Tests", "tests\Procofa.Domain.Tests\Procofa.Domain.Tests.csproj", "{1360CE54-7F4F-45E9-ADAF-A86BD2458795}"
EndProject
Project("{9A19103F-16F7-4668-BE54-9A1E7A4F7556}") = "Procofa.Application.Tests", "tests\Procofa.Application.Tests\Procofa.Application.Tests.csproj", "{75B6A185-0B1B-4A67-9B15-7EB58BD1967E}"
EndProject
Project("{9A19103F-16F7-4668-BE54-9A1E7A4F7556}") = "Procofa.Adapters.Persistence.Tests", "tests\Procofa.Adapters.Persistence.Tests\Procofa.Adapters.Persistence.Tests.csproj", "{0B40DB8D-1F83-4339-A5F9-C1D5A11F5ED9}"
EndProject
Global
	GlobalSection(SolutionConfigurationPlatforms) = preSolution
		Debug|Any CPU = Debug|Any CPU
		Release|Any CPU = Release|Any CPU
	EndGlobalSection
	GlobalSection(ProjectConfigurationPlatforms) = postSolution
		{46C28C32-1C50-4B33-B2D3-EF01EEC41B51}.Debug|Any CPU.ActiveCfg = Debug|Any CPU
		{46C28C32-1C50-4B33-B2D3-EF01EEC41B51}.Debug|Any CPU.Build.0 = Debug|Any CPU
		{46C28C32-1C50-4B33-B2D3-EF01EEC41B51}.Release|Any CPU.ActiveCfg = Release|Any CPU
		{46C28C32-1C50-4B33-B2D3-EF01EEC41B51}.Release|Any CPU.Build.0 = Release|Any CPU
		{3B0E322A-2B15-4DF2-B6D8-91EC942FC4A2}.Debug|Any CPU.ActiveCfg = Debug|Any CPU
		{3B0E322A-2B15-4DF2-B6D8-91EC942FC4A2}.Debug|Any CPU.Build.0 = Debug|Any CPU
		{3B0E322A-2B15-4DF2-B6D8-91EC942FC4A2}.Release|Any CPU.ActiveCfg = Release|Any CPU
		{3B0E322A-2B15-4DF2-B6D8-91EC942FC4A2}.Release|Any CPU.Build.0 = Release|Any CPU
		{52B5387E-4E5C-4BDE-87CE-9685933AC081}.Debug|Any CPU.ActiveCfg = Debug|Any CPU
		{52B5387E-4E5C-4BDE-87CE-9685933AC081}.Debug|Any CPU.Build.0 = Debug|Any CPU
		{52B5387E-4E5C-4BDE-87CE-9685933AC081}.Release|Any CPU.ActiveCfg = Release|Any CPU
		{52B5387E-4E5C-4BDE-87CE-9685933AC081}.Release|Any CPU.Build.0 = Release|Any CPU
		{1110DAC2-E9EE-4316-BBE4-FBA3ACB19E07}.Debug|Any CPU.ActiveCfg = Debug|Any CPU
		{1110DAC2-E9EE-4316-BBE4-FBA3ACB19E07}.Debug|Any CPU.Build.0 = Debug|Any CPU
		{1110DAC2-E9EE-4316-BBE4-FBA3ACB19E07}.Release|Any CPU.ActiveCfg = Release|Any CPU
		{1110DAC2-E9EE-4316-BBE4-FBA3ACB19E07}.Release|Any CPU.Build.0 = Release|Any CPU
		{DA025929-3EF0-46A7-B086-23BF9EAD844D}.Debug|Any CPU.ActiveCfg = Debug|Any CPU
		{DA025929-3EF0-46A7-B086-23BF9EAD844D}.Debug|Any CPU.Build.0 = Debug|Any CPU
		{DA025929-3EF0-46A7-B086-23BF9EAD844D}.Release|Any CPU.ActiveCfg = Release|Any CPU
		{DA025929-3EF0-46A7-B086-23BF9EAD844D}.Release|Any CPU.Build.0 = Release|Any CPU
		{696F049F-B565-4CB5-834E-7924D8ABF268}.Debug|Any CPU.ActiveCfg = Debug|Any CPU
		{696F049F-B565-4CB5-834E-7924D8ABF268}.Debug|Any CPU.Build.0 = Debug|Any CPU
		{696F049F-B565-4CB5-834E-7924D8ABF268}.Release|Any CPU.ActiveCfg = Release|Any CPU
		{696F049F-B565-4CB5-834E-7924D8ABF268}.Release|Any CPU.Build.0 = Release|Any CPU
		{AEE71816-1816-404F-82AE-41E589CF00AE}.Debug|Any CPU.ActiveCfg = Debug|Any CPU
		{AEE71816-1816-404F-82AE-41E589CF00AE}.Debug|Any CPU.Build.0 = Debug|Any CPU
		{AEE71816-1816-404F-82AE-41E589CF00AE}.Release|Any CPU.ActiveCfg = Release|Any CPU
		{AEE71816-1816-404F-82AE-41E589CF00AE}.Release|Any CPU.Build.0 = Release|Any CPU
		{1360CE54-7F4F-45E9-ADAF-A86BD2458795}.Debug|Any CPU.ActiveCfg = Debug|Any CPU
		{1360CE54-7F4F-45E9-ADAF-A86BD2458795}.Debug|Any CPU.Build.0 = Debug|Any CPU
		{1360CE54-7F4F-45E9-ADAF-A86BD2458795}.Release|Any CPU.ActiveCfg = Release|Any CPU
		{1360CE54-7F4F-45E9-ADAF-A86BD2458795}.Release|Any CPU.Build.0 = Release|Any CPU
		{75B6A185-0B1B-4A67-9B15-7EB58BD1967E}.Debug|Any CPU.ActiveCfg = Debug|Any CPU
		{75B6A185-0B1B-4A67-9B15-7EB58BD1967E}.Debug|Any CPU.Build.0 = Debug|Any CPU
		{75B6A185-0B1B-4A67-9B15-7EB58BD1967E}.Release|Any CPU.ActiveCfg = Release|Any CPU
		{75B6A185-0B1B-4A67-9B15-7EB58BD1967E}.Release|Any CPU.Build.0 = Release|Any CPU
		{0B40DB8D-1F83-4339-A5F9-C1D5A11F5ED9}.Debug|Any CPU.ActiveCfg = Debug|Any CPU
		{0B40DB8D-1F83-4339-A5F9-C1D5A11F5ED9}.Debug|Any CPU.Build.0 = Debug|Any CPU
		{0B40DB8D-1F83-4339-A5F9-C1D5A11F5ED9}.Release|Any CPU.ActiveCfg = Release|Any CPU
		{0B40DB8D-1F83-4339-A5F9-C1D5A11F5ED9}.Release|Any CPU.Build.0 = Release|Any CPU
	EndGlobalSection
	GlobalSection(SolutionProperties) = preSolution
		HideSolutionNode = FALSE
	EndGlobalSection
EndGlobal
