
Microsoft Visual Studio Solution File, Format Version 12.00
# Visual Studio Version 17
VisualStudioVersion = 17.0.31903.59
MinimumVisualStudioVersion = 10.0.40219.1
Project("{2150E333-8FDC-42A3-9474-1A3956D46DE8}") = "src", "src", "{827E0CD3-B72D-47B6-A68D-7590B98EB39B}"
EndProject
Project("{FAE04EC0-301F-11D3-BF4B-00C04F79EFBC}") = "Procofa.Domain", "src\Procofa.Domain\Procofa.Domain.csproj", "{B1B53590-D40F-457C-B2B9-0EB143DD92D6}"
EndProject
Project("{FAE04EC0-301F-11D3-BF4B-00C04F79EFBC}") = "Procofa.Application", "src\Procofa.Application\Procofa.Application.csproj", "{2A656995-6858-40E8-87B1-4B512BC268BA}"
EndProject
Project("{FAE04EC0-301F-11D3-BF4B-00C04F79EFBC}") = "Procofa.Infrastructure", "src\Procofa.Infrastructure\Procofa.Infrastructure.csproj", "{AFFEE104-DDB0-4E18-8906-75D5011546A7}"
EndProject
Project("{FAE04EC0-301F-11D3-BF4B-00C04F79EFBC}") = "Procofa.Api", "src\Procofa.Api\Procofa.Api.csproj", "{0103A71F-3E57-404C-8233-6443A9FB14E1}"
EndProject
Project("{2150E333-8FDC-42A3-9474-1A3956D46DE8}") = "tests", "tests", "{0AB3BF05-4346-4AA6-1389-037BE0695223}"
EndProject
Project("{FAE04EC0-301F-11D3-BF4B-00C04F79EFBC}") = "Procofa.Domain.Tests", "tests\Procofa.Domain.Tests\Procofa.Domain.Tests.csproj", "{8021DD8E-2DB4-4EF6-8FAD-1BEC3C99A573}"
EndProject
Project("{FAE04EC0-301F-11D3-BF4B-00C04F79EFBC}") = "Procofa.Application.Tests", "tests\Procofa.Application.Tests\Procofa.Application.Tests.csproj", "{48B10D1E-1D2A-42FC-A0BC-88CDAB256395}"
EndProject
Project("{FAE04EC0-301F-11D3-BF4B-00C04F79EFBC}") = "Procofa.IntegrationTests", "tests\Procofa.IntegrationTests\Procofa.IntegrationTests.csproj", "{348BC456-22F0-4A92-982A-BBCD2A9903EA}"
EndProject
Project("{FAE04EC0-301F-11D3-BF4B-00C04F79EFBC}") = "Procofa.Api.Tests", "tests\Procofa.Api.Tests\Procofa.Api.Tests.csproj", "{1974AA9F-ABA0-4EE3-BF38-34B5EF9F360E}"
EndProject
Project("{FAE04EC0-301F-11D3-BF4B-00C04F79EFBC}") = "Procofa.Infrastructure.Tests", "tests\Procofa.Infrastructure.Tests\Procofa.Infrastructure.Tests.csproj", "{06E15233-347F-4C24-BEA4-F2FA46511E6D}"
EndProject
Global
	GlobalSection(SolutionConfigurationPlatforms) = preSolution
		Debug|Any CPU = Debug|Any CPU
		Debug|x64 = Debug|x64
		Debug|x86 = Debug|x86
		Release|Any CPU = Release|Any CPU
		Release|x64 = Release|x64
		Release|x86 = Release|x86
	EndGlobalSection
	GlobalSection(ProjectConfigurationPlatforms) = postSolution
		{B1B53590-D40F-457C-B2B9-0EB143DD92D6}.Debug|Any CPU.ActiveCfg = Debug|Any CPU
		{B1B53590-D40F-457C-B2B9-0EB143DD92D6}.Debug|Any CPU.Build.0 = Debug|Any CPU
		{B1B53590-D40F-457C-B2B9-0EB143DD92D6}.Debug|x64.ActiveCfg = Debug|Any CPU
		{B1B53590-D40F-457C-B2B9-0EB143DD92D6}.Debug|x64.Build.0 = Debug|Any CPU
		{B1B53590-D40F-457C-B2B9-0EB143DD92D6}.Debug|x86.ActiveCfg = Debug|Any CPU
		{B1B53590-D40F-457C-B2B9-0EB143DD92D6}.Debug|x86.Build.0 = Debug|Any CPU
		{B1B53590-D40F-457C-B2B9-0EB143DD92D6}.Release|Any CPU.ActiveCfg = Release|Any CPU
		{B1B53590-D40F-457C-B2B9-0EB143DD92D6}.Release|Any CPU.Build.0 = Release|Any CPU
		{B1B53590-D40F-457C-B2B9-0EB143DD92D6}.Release|x64.ActiveCfg = Release|Any CPU
		{B1B53590-D40F-457C-B2B9-0EB143DD92D6}.Release|x64.Build.0 = Release|Any CPU
		{B1B53590-D40F-457C-B2B9-0EB143DD92D6}.Release|x86.ActiveCfg = Release|Any CPU
		{B1B53590-D40F-457C-B2B9-0EB143DD92D6}.Release|x86.Build.0 = Release|Any CPU
		{2A656995-6858-40E8-87B1-4B512BC268BA}.Debug|Any CPU.ActiveCfg = Debug|Any CPU
		{2A656995-6858-40E8-87B1-4B512BC268BA}.Debug|Any CPU.Build.0 = Debug|Any CPU
		{2A656995-6858-40E8-87B1-4B512BC268BA}.Debug|x64.ActiveCfg = Debug|Any CPU
		{2A656995-6858-40E8-87B1-4B512BC268BA}.Debug|x64.Build.0 = Debug|Any CPU
		{2A656995-6858-40E8-87B1-4B512BC268BA}.Debug|x86.ActiveCfg = Debug|Any CPU
		{2A656995-6858-40E8-87B1-4B512BC268BA}.Debug|x86.Build.0 = Debug|Any CPU
		{2A656995-6858-40E8-87B1-4B512BC268BA}.Release|Any CPU.ActiveCfg = Release|Any CPU
		{2A656995-6858-40E8-87B1-4B512BC268BA}.Release|Any CPU.Build.0 = Release|Any CPU
		{2A656995-6858-40E8-87B1-4B512BC268BA}.Release|x64.ActiveCfg = Release|Any CPU
		{2A656995-6858-40E8-87B1-4B512BC268BA}.Release|x64.Build.0 = Release|Any CPU
		{2A656995-6858-40E8-87B1-4B512BC268BA}.Release|x86.ActiveCfg = Release|Any CPU
		{2A656995-6858-40E8-87B1-4B512BC268BA}.Release|x86.Build.0 = Release|Any CPU
		{AFFEE104-DDB0-4E18-8906-75D5011546A7}.Debug|Any CPU.ActiveCfg = Debug|Any CPU
		{AFFEE104-DDB0-4E18-8906-75D5011546A7}.Debug|Any CPU.Build.0 = Debug|Any CPU
		{AFFEE104-DDB0-4E18-8906-75D5011546A7}.Debug|x64.ActiveCfg = Debug|Any CPU
		{AFFEE104-DDB0-4E18-8906-75D5011546A7}.Debug|x64.Build.0 = Debug|Any CPU
		{AFFEE104-DDB0-4E18-8906-75D5011546A7}.Debug|x86.ActiveCfg = Debug|Any CPU
		{AFFEE104-DDB0-4E18-8906-75D5011546A7}.Debug|x86.Build.0 = Debug|Any CPU
		{AFFEE104-DDB0-4E18-8906-75D5011546A7}.Release|Any CPU.ActiveCfg = Release|Any CPU
		{AFFEE104-DDB0-4E18-8906-75D5011546A7}.Release|Any CPU.Build.0 = Release|Any CPU
		{AFFEE104-DDB0-4E18-8906-75D5011546A7}.Release|x64.ActiveCfg = Release|Any CPU
		{AFFEE104-DDB0-4E18-8906-75D5011546A7}.Release|x64.Build.0 = Release|Any CPU
		{AFFEE104-DDB0-4E18-8906-75D5011546A7}.Release|x86.ActiveCfg = Release|Any CPU
		{AFFEE104-DDB0-4E18-8906-75D5011546A7}.Release|x86.Build.0 = Release|Any CPU
		{0103A71F-3E57-404C-8233-6443A9FB14E1}.Debug|Any CPU.ActiveCfg = Debug|Any CPU
		{0103A71F-3E57-404C-8233-6443A9FB14E1}.Debug|Any CPU.Build.0 = Debug|Any CPU
		{0103A71F-3E57-404C-8233-6443A9FB14E1}.Debug|x64.ActiveCfg = Debug|Any CPU
		{0103A71F-3E57-404C-8233-6443A9FB14E1}.Debug|x64.Build.0 = Debug|Any CPU
		{0103A71F-3E57-404C-8233-6443A9FB14E1}.Debug|x86.ActiveCfg = Debug|Any CPU
		{0103A71F-3E57-404C-8233-6443A9FB14E1}.Debug|x86.Build.0 = Debug|Any CPU
		{0103A71F-3E57-404C-8233-6443A9FB14E1}.Release|Any CPU.ActiveCfg = Release|Any CPU
		{0103A71F-3E57-404C-8233-6443A9FB14E1}.Release|Any CPU.Build.0 = Release|Any CPU
		{0103A71F-3E57-404C-8233-6443A9FB14E1}.Release|x64.ActiveCfg = Release|Any CPU
		{0103A71F-3E57-404C-8233-6443A9FB14E1}.Release|x64.Build.0 = Release|Any CPU
		{0103A71F-3E57-404C-8233-6443A9FB14E1}.Release|x86.ActiveCfg = Release|Any CPU
		{0103A71F-3E57-404C-8233-6443A9FB14E1}.Release|x86.Build.0 = Release|Any CPU
		{8021DD8E-2DB4-4EF6-8FAD-1BEC3C99A573}.Debug|Any CPU.ActiveCfg = Debug|Any CPU
		{8021DD8E-2DB4-4EF6-8FAD-1BEC3C99A573}.Debug|Any CPU.Build.0 = Debug|Any CPU
		{8021DD8E-2DB4-4EF6-8FAD-1BEC3C99A573}.Debug|x64.ActiveCfg = Debug|Any CPU
		{8021DD8E-2DB4-4EF6-8FAD-1BEC3C99A573}.Debug|x64.Build.0 = Debug|Any CPU
		{8021DD8E-2DB4-4EF6-8FAD-1BEC3C99A573}.Debug|x86.ActiveCfg = Debug|Any CPU
		{8021DD8E-2DB4-4EF6-8FAD-1BEC3C99A573}.Debug|x86.Build.0 = Debug|Any CPU
		{8021DD8E-2DB4-4EF6-8FAD-1BEC3C99A573}.Release|Any CPU.ActiveCfg = Release|Any CPU
		{8021DD8E-2DB4-4EF6-8FAD-1BEC3C99A573}.Release|Any CPU.Build.0 = Release|Any CPU
		{8021DD8E-2DB4-4EF6-8FAD-1BEC3C99A573}.Release|x64.ActiveCfg = Release|Any CPU
		{8021DD8E-2DB4-4EF6-8FAD-1BEC3C99A573}.Release|x64.Build.0 = Release|Any CPU
		{8021DD8E-2DB4-4EF6-8FAD-1BEC3C99A573}.Release|x86.ActiveCfg = Release|Any CPU
		{8021DD8E-2DB4-4EF6-8FAD-1BEC3C99A573}.Release|x86.Build.0 = Release|Any CPU
		{48B10D1E-1D2A-42FC-A0BC-88CDAB256395}.Debug|Any CPU.ActiveCfg = Debug|Any CPU
		{48B10D1E-1D2A-42FC-A0BC-88CDAB256395}.Debug|Any CPU.Build.0 = Debug|Any CPU
		{48B10D1E-1D2A-42FC-A0BC-88CDAB256395}.Debug|x64.ActiveCfg = Debug|Any CPU
		{48B10D1E-1D2A-42FC-A0BC-88CDAB256395}.Debug|x64.Build.0 = Debug|Any CPU
		{48B10D1E-1D2A-42FC-A0BC-88CDAB256395}.Debug|x86.ActiveCfg = Debug|Any CPU
		{48B10D1E-1D2A-42FC-A0BC-88CDAB256395}.Debug|x86.Build.0 = Debug|Any CPU
		{48B10D1E-1D2A-42FC-A0BC-88CDAB256395}.Release|Any CPU.ActiveCfg = Release|Any CPU
		{48B10D1E-1D2A-42FC-A0BC-88CDAB256395}.Release|Any CPU.Build.0 = Release|Any CPU
		{48B10D1E-1D2A-42FC-A0BC-88CDAB256395}.Release|x64.ActiveCfg = Release|Any CPU
		{48B10D1E-1D2A-42FC-A0BC-88CDAB256395}.Release|x64.Build.0 = Release|Any CPU
		{48B10D1E-1D2A-42FC-A0BC-88CDAB256395}.Release|x86.ActiveCfg = Release|Any CPU
		{48B10D1E-1D2A-42FC-A0BC-88CDAB256395}.Release|x86.Build.0 = Release|Any CPU
		{348BC456-22F0-4A92-982A-BBCD2A9903EA}.Debug|Any CPU.ActiveCfg = Debug|Any CPU
		{348BC456-22F0-4A92-982A-BBCD2A9903EA}.Debug|Any CPU.Build.0 = Debug|Any CPU
		{348BC456-22F0-4A92-982A-BBCD2A9903EA}.Debug|x64.ActiveCfg = Debug|Any CPU
		{348BC456-22F0-4A92-982A-BBCD2A9903EA}.Debug|x64.Build.0 = Debug|Any CPU
		{348BC456-22F0-4A92-982A-BBCD2A9903EA}.Debug|x86.ActiveCfg = Debug|Any CPU
		{348BC456-22F0-4A92-982A-BBCD2A9903EA}.Debug|x86.Build.0 = Debug|Any CPU
		{348BC456-22F0-4A92-982A-BBCD2A9903EA}.Release|Any CPU.ActiveCfg = Release|Any CPU
		{348BC456-22F0-4A92-982A-BBCD2A9903EA}.Release|Any CPU.Build.0 = Release|Any CPU
		{348BC456-22F0-4A92-982A-BBCD2A9903EA}.Release|x64.ActiveCfg = Release|Any CPU
		{348BC456-22F0-4A92-982A-BBCD2A9903EA}.Release|x64.Build.0 = Release|Any CPU
		{348BC456-22F0-4A92-982A-BBCD2A9903EA}.Release|x86.ActiveCfg = Release|Any CPU
		{348BC456-22F0-4A92-982A-BBCD2A9903EA}.Release|x86.Build.0 = Release|Any CPU
		{1974AA9F-ABA0-4EE3-BF38-34B5EF9F360E}.Debug|Any CPU.ActiveCfg = Debug|Any CPU
		{1974AA9F-ABA0-4EE3-BF38-34B5EF9F360E}.Debug|Any CPU.Build.0 = Debug|Any CPU
		{1974AA9F-ABA0-4EE3-BF38-34B5EF9F360E}.Debug|x64.ActiveCfg = Debug|Any CPU
		{1974AA9F-ABA0-4EE3-BF38-34B5EF9F360E}.Debug|x64.Build.0 = Debug|Any CPU
		{1974AA9F-ABA0-4EE3-BF38-34B5EF9F360E}.Debug|x86.ActiveCfg = Debug|Any CPU
		{1974AA9F-ABA0-4EE3-BF38-34B5EF9F360E}.Debug|x86.Build.0 = Debug|Any CPU
		{1974AA9F-ABA0-4EE3-BF38-34B5EF9F360E}.Release|Any CPU.ActiveCfg = Release|Any CPU
		{1974AA9F-ABA0-4EE3-BF38-34B5EF9F360E}.Release|Any CPU.Build.0 = Release|Any CPU
		{1974AA9F-ABA0-4EE3-BF38-34B5EF9F360E}.Release|x64.ActiveCfg = Release|Any CPU
		{1974AA9F-ABA0-4EE3-BF38-34B5EF9F360E}.Release|x64.Build.0 = Release|Any CPU
		{1974AA9F-ABA0-4EE3-BF38-34B5EF9F360E}.Release|x86.ActiveCfg = Release|Any CPU
		{1974AA9F-ABA0-4EE3-BF38-34B5EF9F360E}.Release|x86.Build.0 = Release|Any CPU
		{06E15233-347F-4C24-BEA4-F2FA46511E6D}.Debug|Any CPU.ActiveCfg = Debug|Any CPU
		{06E15233-347F-4C24-BEA4-F2FA46511E6D}.Debug|Any CPU.Build.0 = Debug|Any CPU
		{06E15233-347F-4C24-BEA4-F2FA46511E6D}.Debug|x64.ActiveCfg = Debug|Any CPU
		{06E15233-347F-4C24-BEA4-F2FA46511E6D}.Debug|x64.Build.0 = Debug|Any CPU
		{06E15233-347F-4C24-BEA4-F2FA46511E6D}.Debug|x86.ActiveCfg = Debug|Any CPU
		{06E15233-347F-4C24-BEA4-F2FA46511E6D}.Debug|x86.Build.0 = Debug|Any CPU
		{06E15233-347F-4C24-BEA4-F2FA46511E6D}.Release|Any CPU.ActiveCfg = Release|Any CPU
		{06E15233-347F-4C24-BEA4-F2FA46511E6D}.Release|Any CPU.Build.0 = Release|Any CPU
		{06E15233-347F-4C24-BEA4-F2FA46511E6D}.Release|x64.ActiveCfg = Release|Any CPU
		{06E15233-347F-4C24-BEA4-F2FA46511E6D}.Release|x64.Build.0 = Release|Any CPU
		{06E15233-347F-4C24-BEA4-F2FA46511E6D}.Release|x86.ActiveCfg = Release|Any CPU
		{06E15233-347F-4C24-BEA4-F2FA46511E6D}.Release|x86.Build.0 = Release|Any CPU
	EndGlobalSection
	GlobalSection(SolutionProperties) = preSolution
		HideSolutionNode = FALSE
	EndGlobalSection
	GlobalSection(NestedProjects) = preSolution
		{B1B53590-D40F-457C-B2B9-0EB143DD92D6} = {827E0CD3-B72D-47B6-A68D-7590B98EB39B}
		{2A656995-6858-40E8-87B1-4B512BC268BA} = {827E0CD3-B72D-47B6-A68D-7590B98EB39B}
		{AFFEE104-DDB0-4E18-8906-75D5011546A7} = {827E0CD3-B72D-47B6-A68D-7590B98EB39B}
		{0103A71F-3E57-404C-8233-6443A9FB14E1} = {827E0CD3-B72D-47B6-A68D-7590B98EB39B}
		{8021DD8E-2DB4-4EF6-8FAD-1BEC3C99A573} = {0AB3BF05-4346-4AA6-1389-037BE0695223}
		{48B10D1E-1D2A-42FC-A0BC-88CDAB256395} = {0AB3BF05-4346-4AA6-1389-037BE0695223}
		{348BC456-22F0-4A92-982A-BBCD2A9903EA} = {0AB3BF05-4346-4AA6-1389-037BE0695223}
		{1974AA9F-ABA0-4EE3-BF38-34B5EF9F360E} = {0AB3BF05-4346-4AA6-1389-037BE0695223}
		{06E15233-347F-4C24-BEA4-F2FA46511E6D} = {0AB3BF05-4346-4AA6-1389-037BE0695223}
	EndGlobalSection
EndGlobal
